// !$*UTF8*$!
{
	archiveVersion = 1;
	classes = {
	};
	objectVersion = 46;
	objects = {

/* Begin PBXBuildFile section */
		6B250CCD13F9ED20002A5D9D /* SmoothLineView.m in Sources */ = {isa = PBXBuildFile; fileRef = 6B250CCC13F9ED20002A5D9D /* SmoothLineView.m */; };
		6B8244E614E0FF67007F2487 /* QuartzCore.framework in Frameworks */ = {isa = PBXBuildFile; fileRef = 6B250CCF13FA2127002A5D9D /* QuartzCore.framework */; };
		6B93BE6F13F3374200DFAB23 /* UIKit.framework in Frameworks */ = {isa = PBXBuildFile; fileRef = 6B93BE6E13F3374200DFAB23 /* UIKit.framework */; };
		6B93BE7113F3374200DFAB23 /* Foundation.framework in Frameworks */ = {isa = PBXBuildFile; fileRef = 6B93BE7013F3374200DFAB23 /* Foundation.framework */; };
		6B93BE7313F3374200DFAB23 /* CoreGraphics.framework in Frameworks */ = {isa = PBXBuildFile; fileRef = 6B93BE7213F3374200DFAB23 /* CoreGraphics.framework */; };
		6B93BE7913F3374200DFAB23 /* InfoPlist.strings in Resources */ = {isa = PBXBuildFile; fileRef = 6B93BE7713F3374200DFAB23 /* InfoPlist.strings */; };
		6B93BE7B13F3374200DFAB23 /* main.m in Sources */ = {isa = PBXBuildFile; fileRef = 6B93BE7A13F3374200DFAB23 /* main.m */; };
		6B93BE7F13F3374200DFAB23 /* Smooth_Line_ViewAppDelegate.m in Sources */ = {isa = PBXBuildFile; fileRef = 6B93BE7E13F3374200DFAB23 /* Smooth_Line_ViewAppDelegate.m */; };
		6B93BE8213F3374200DFAB23 /* MainWindow.xib in Resources */ = {isa = PBXBuildFile; fileRef = 6B93BE8013F3374200DFAB23 /* MainWindow.xib */; };
		6B93BE8513F3374200DFAB23 /* Smooth_Line_ViewViewController.m in Sources */ = {isa = PBXBuildFile; fileRef = 6B93BE8413F3374200DFAB23 /* Smooth_Line_ViewViewController.m */; };
		6B93BE8813F3374200DFAB23 /* Smooth_Line_ViewViewController.xib in Resources */ = {isa = PBXBuildFile; fileRef = 6B93BE8613F3374200DFAB23 /* Smooth_Line_ViewViewController.xib */; };
		6B93BEA113F337B000DFAB23 /* BezierCurve.m in Sources */ = {isa = PBXBuildFile; fileRef = 6B93BE9313F337B000DFAB23 /* BezierCurve.m */; };
		6B93BEA213F337B000DFAB23 /* CatmullRomSpline.m in Sources */ = {isa = PBXBuildFile; fileRef = 6B93BE9513F337B000DFAB23 /* CatmullRomSpline.m */; };
		6B93BEA313F337B000DFAB23 /* CubicBezierCurve.m in Sources */ = {isa = PBXBuildFile; fileRef = 6B93BE9813F337B000DFAB23 /* CubicBezierCurve.m */; };
		6B93BEA413F337B000DFAB23 /* LinearBezierCurve.m in Sources */ = {isa = PBXBuildFile; fileRef = 6B93BE9A13F337B000DFAB23 /* LinearBezierCurve.m */; };
		6B93BEA513F337B000DFAB23 /* NSArray_PointArray.m in Sources */ = {isa = PBXBuildFile; fileRef = 6B93BE9C13F337B000DFAB23 /* NSArray_PointArray.m */; };
		6B93BEA613F337B000DFAB23 /* QuadraticBezierCurve.m in Sources */ = {isa = PBXBuildFile; fileRef = 6B93BE9E13F337B000DFAB23 /* QuadraticBezierCurve.m */; };
		6B93BEA713F337B000DFAB23 /* Spline.m in Sources */ = {isa = PBXBuildFile; fileRef = 6B93BEA013F337B000DFAB23 /* Spline.m */; };
/* End PBXBuildFile section */

/* Begin PBXFileReference section */
		6B250CCB13F9ED20002A5D9D /* SmoothLineView.h */ = {isa = PBXFileReference; fileEncoding = 4; lastKnownFileType = sourcecode.c.h; path = SmoothLineView.h; sourceTree = "<group>"; };
		6B250CCC13F9ED20002A5D9D /* SmoothLineView.m */ = {isa = PBXFileReference; fileEncoding = 4; lastKnownFileType = sourcecode.c.objc; path = SmoothLineView.m; sourceTree = "<group>"; };
		6B250CCF13FA2127002A5D9D /* QuartzCore.framework */ = {isa = PBXFileReference; lastKnownFileType = wrapper.framework; name = QuartzCore.framework; path = System/Library/Frameworks/QuartzCore.framework; sourceTree = SDKROOT; };
		6B93BE6A13F3374200DFAB23 /* Smooth Line View.app */ = {isa = PBXFileReference; explicitFileType = wrapper.application; includeInIndex = 0; path = "Smooth Line View.app"; sourceTree = BUILT_PRODUCTS_DIR; };
		6B93BE6E13F3374200DFAB23 /* UIKit.framework */ = {isa = PBXFileReference; lastKnownFileType = wrapper.framework; name = UIKit.framework; path = System/Library/Frameworks/UIKit.framework; sourceTree = SDKROOT; };
		6B93BE7013F3374200DFAB23 /* Foundation.framework */ = {isa = PBXFileReference; lastKnownFileType = wrapper.framework; name = Foundation.framework; path = System/Library/Frameworks/Foundation.framework; sourceTree = SDKROOT; };
		6B93BE7213F3374200DFAB23 /* CoreGraphics.framework */ = {isa = PBXFileReference; lastKnownFileType = wrapper.framework; name = CoreGraphics.framework; path = System/Library/Frameworks/CoreGraphics.framework; sourceTree = SDKROOT; };
		6B93BE7613F3374200DFAB23 /* Smooth Line View-Info.plist */ = {isa = PBXFileReference; lastKnownFileType = text.plist.xml; path = "Smooth Line View-Info.plist"; sourceTree = "<group>"; };
		6B93BE7813F3374200DFAB23 /* en */ = {isa = PBXFileReference; lastKnownFileType = text.plist.strings; name = en; path = en.lproj/InfoPlist.strings; sourceTree = "<group>"; };
		6B93BE7A13F3374200DFAB23 /* main.m */ = {isa = PBXFileReference; lastKnownFileType = sourcecode.c.objc; path = main.m; sourceTree = "<group>"; };
		6B93BE7C13F3374200DFAB23 /* Smooth Line View-Prefix.pch */ = {isa = PBXFileReference; lastKnownFileType = sourcecode.c.h; path = "Smooth Line View-Prefix.pch"; sourceTree = "<group>"; };
		6B93BE7D13F3374200DFAB23 /* Smooth_Line_ViewAppDelegate.h */ = {isa = PBXFileReference; lastKnownFileType = sourcecode.c.h; path = Smooth_Line_ViewAppDelegate.h; sourceTree = "<group>"; };
		6B93BE7E13F3374200DFAB23 /* Smooth_Line_ViewAppDelegate.m */ = {isa = PBXFileReference; lastKnownFileType = sourcecode.c.objc; path = Smooth_Line_ViewAppDelegate.m; sourceTree = "<group>"; };
		6B93BE8113F3374200DFAB23 /* en */ = {isa = PBXFileReference; lastKnownFileType = file.xib; name = en; path = en.lproj/MainWindow.xib; sourceTree = "<group>"; };
		6B93BE8313F3374200DFAB23 /* Smooth_Line_ViewViewController.h */ = {isa = PBXFileReference; lastKnownFileType = sourcecode.c.h; path = Smooth_Line_ViewViewController.h; sourceTree = "<group>"; };
		6B93BE8413F3374200DFAB23 /* Smooth_Line_ViewViewController.m */ = {isa = PBXFileReference; lastKnownFileType = sourcecode.c.objc; path = Smooth_Line_ViewViewController.m; sourceTree = "<group>"; };
		6B93BE8713F3374200DFAB23 /* en */ = {isa = PBXFileReference; lastKnownFileType = file.xib; name = en; path = en.lproj/Smooth_Line_ViewViewController.xib; sourceTree = "<group>"; };
		6B93BE9213F337B000DFAB23 /* BezierCurve.h */ = {isa = PBXFileReference; fileEncoding = 4; lastKnownFileType = sourcecode.c.h; path = BezierCurve.h; sourceTree = "<group>"; };
		6B93BE9313F337B000DFAB23 /* BezierCurve.m */ = {isa = PBXFileReference; fileEncoding = 4; lastKnownFileType = sourcecode.c.objc; path = BezierCurve.m; sourceTree = "<group>"; };
		6B93BE9413F337B000DFAB23 /* CatmullRomSpline.h */ = {isa = PBXFileReference; fileEncoding = 4; lastKnownFileType = sourcecode.c.h; path = CatmullRomSpline.h; sourceTree = "<group>"; };
		6B93BE9513F337B000DFAB23 /* CatmullRomSpline.m */ = {isa = PBXFileReference; fileEncoding = 4; lastKnownFileType = sourcecode.c.objc; path = CatmullRomSpline.m; sourceTree = "<group>"; };
		6B93BE9613F337B000DFAB23 /* CGPointArithmetic.h */ = {isa = PBXFileReference; fileEncoding = 4; lastKnownFileType = sourcecode.c.h; path = CGPointArithmetic.h; sourceTree = "<group>"; };
		6B93BE9713F337B000DFAB23 /* CubicBezierCurve.h */ = {isa = PBXFileReference; fileEncoding = 4; lastKnownFileType = sourcecode.c.h; path = CubicBezierCurve.h; sourceTree = "<group>"; };
		6B93BE9813F337B000DFAB23 /* CubicBezierCurve.m */ = {isa = PBXFileReference; fileEncoding = 4; lastKnownFileType = sourcecode.c.objc; path = CubicBezierCurve.m; sourceTree = "<group>"; };
		6B93BE9913F337B000DFAB23 /* LinearBezierCurve.h */ = {isa = PBXFileReference; fileEncoding = 4; lastKnownFileType = sourcecode.c.h; path = LinearBezierCurve.h; sourceTree = "<group>"; };
		6B93BE9A13F337B000DFAB23 /* LinearBezierCurve.m */ = {isa = PBXFileReference; fileEncoding = 4; lastKnownFileType = sourcecode.c.objc; path = LinearBezierCurve.m; sourceTree = "<group>"; };
		6B93BE9B13F337B000DFAB23 /* NSArray_PointArray.h */ = {isa = PBXFileReference; fileEncoding = 4; lastKnownFileType = sourcecode.c.h; path = NSArray_PointArray.h; sourceTree = "<group>"; };
		6B93BE9C13F337B000DFAB23 /* NSArray_PointArray.m */ = {isa = PBXFileReference; fileEncoding = 4; lastKnownFileType = sourcecode.c.objc; path = NSArray_PointArray.m; sourceTree = "<group>"; };
		6B93BE9D13F337B000DFAB23 /* QuadraticBezierCurve.h */ = {isa = PBXFileReference; fileEncoding = 4; lastKnownFileType = sourcecode.c.h; path = QuadraticBezierCurve.h; sourceTree = "<group>"; };
		6B93BE9E13F337B000DFAB23 /* QuadraticBezierCurve.m */ = {isa = PBXFileReference; fileEncoding = 4; lastKnownFileType = sourcecode.c.objc; path = QuadraticBezierCurve.m; sourceTree = "<group>"; };
		6B93BE9F13F337B000DFAB23 /* Spline.h */ = {isa = PBXFileReference; fileEncoding = 4; lastKnownFileType = sourcecode.c.h; path = Spline.h; sourceTree = "<group>"; };
		6B93BEA013F337B000DFAB23 /* Spline.m */ = {isa = PBXFileReference; fileEncoding = 4; lastKnownFileType = sourcecode.c.objc; path = Spline.m; sourceTree = "<group>"; };
/* End PBXFileReference section */

/* Begin PBXFrameworksBuildPhase section */
		6B93BE6713F3374200DFAB23 /* Frameworks */ = {
			isa = PBXFrameworksBuildPhase;
			buildActionMask = 2147483647;
			files = (
				6B8244E614E0FF67007F2487 /* QuartzCore.framework in Frameworks */,
				6B93BE6F13F3374200DFAB23 /* UIKit.framework in Frameworks */,
				6B93BE7113F3374200DFAB23 /* Foundation.framework in Frameworks */,
				6B93BE7313F3374200DFAB23 /* CoreGraphics.framework in Frameworks */,
			);
			runOnlyForDeploymentPostprocessing = 0;
		};
/* End PBXFrameworksBuildPhase section */

/* Begin PBXGroup section */
		6B93BE5F13F3374100DFAB23 = {
			isa = PBXGroup;
			children = (
				6B93BE7413F3374200DFAB23 /* Smooth Line View */,
				6B93BE6D13F3374200DFAB23 /* Frameworks */,
				6B93BE6B13F3374200DFAB23 /* Products */,
			);
			sourceTree = "<group>";
		};
		6B93BE6B13F3374200DFAB23 /* Products */ = {
			isa = PBXGroup;
			children = (
				6B93BE6A13F3374200DFAB23 /* Smooth Line View.app */,
			);
			name = Products;
			sourceTree = "<group>";
		};
		6B93BE6D13F3374200DFAB23 /* Frameworks */ = {
			isa = PBXGroup;
			children = (
				6B250CCF13FA2127002A5D9D /* QuartzCore.framework */,
				6B93BE9113F337B000DFAB23 /* spline */,
				6B93BE6E13F3374200DFAB23 /* UIKit.framework */,
				6B93BE7013F3374200DFAB23 /* Foundation.framework */,
				6B93BE7213F3374200DFAB23 /* CoreGraphics.framework */,
			);
			name = Frameworks;
			sourceTree = "<group>";
		};
		6B93BE7413F3374200DFAB23 /* Smooth Line View */ = {
			isa = PBXGroup;
			children = (
				6B93BE7D13F3374200DFAB23 /* Smooth_Line_ViewAppDelegate.h */,
				6B93BE7E13F3374200DFAB23 /* Smooth_Line_ViewAppDelegate.m */,
				6B93BE8013F3374200DFAB23 /* MainWindow.xib */,
				6B93BE8313F3374200DFAB23 /* Smooth_Line_ViewViewController.h */,
				6B93BE8413F3374200DFAB23 /* Smooth_Line_ViewViewController.m */,
				6B93BE8613F3374200DFAB23 /* Smooth_Line_ViewViewController.xib */,
				6B250CCB13F9ED20002A5D9D /* SmoothLineView.h */,
				6B250CCC13F9ED20002A5D9D /* SmoothLineView.m */,
				6B93BE7513F3374200DFAB23 /* Supporting Files */,
			);
			path = "Smooth Line View";
			sourceTree = "<group>";
		};
		6B93BE7513F3374200DFAB23 /* Supporting Files */ = {
			isa = PBXGroup;
			children = (
				6B93BE7613F3374200DFAB23 /* Smooth Line View-Info.plist */,
				6B93BE7713F3374200DFAB23 /* InfoPlist.strings */,
				6B93BE7A13F3374200DFAB23 /* main.m */,
				6B93BE7C13F3374200DFAB23 /* Smooth Line View-Prefix.pch */,
			);
			name = "Supporting Files";
			sourceTree = "<group>";
		};
		6B93BE9113F337B000DFAB23 /* spline */ = {
			isa = PBXGroup;
			children = (
				6B93BE9213F337B000DFAB23 /* BezierCurve.h */,
				6B93BE9313F337B000DFAB23 /* BezierCurve.m */,
				6B93BE9413F337B000DFAB23 /* CatmullRomSpline.h */,
				6B93BE9513F337B000DFAB23 /* CatmullRomSpline.m */,
				6B93BE9613F337B000DFAB23 /* CGPointArithmetic.h */,
				6B93BE9713F337B000DFAB23 /* CubicBezierCurve.h */,
				6B93BE9813F337B000DFAB23 /* CubicBezierCurve.m */,
				6B93BE9913F337B000DFAB23 /* LinearBezierCurve.h */,
				6B93BE9A13F337B000DFAB23 /* LinearBezierCurve.m */,
				6B93BE9B13F337B000DFAB23 /* NSArray_PointArray.h */,
				6B93BE9C13F337B000DFAB23 /* NSArray_PointArray.m */,
				6B93BE9D13F337B000DFAB23 /* QuadraticBezierCurve.h */,
				6B93BE9E13F337B000DFAB23 /* QuadraticBezierCurve.m */,
				6B93BE9F13F337B000DFAB23 /* Spline.h */,
				6B93BEA013F337B000DFAB23 /* Spline.m */,
			);
			path = spline;
			sourceTree = "<group>";
		};
/* End PBXGroup section */

/* Begin PBXNativeTarget section */
		6B93BE6913F3374200DFAB23 /* Smooth Line View */ = {
			isa = PBXNativeTarget;
			buildConfigurationList = 6B93BE8B13F3374200DFAB23 /* Build configuration list for PBXNativeTarget "Smooth Line View" */;
			buildPhases = (
				6B93BE6613F3374200DFAB23 /* Sources */,
				6B93BE6713F3374200DFAB23 /* Frameworks */,
				6B93BE6813F3374200DFAB23 /* Resources */,
			);
			buildRules = (
			);
			dependencies = (
			);
			name = "Smooth Line View";
			productName = "Smooth Line View";
			productReference = 6B93BE6A13F3374200DFAB23 /* Smooth Line View.app */;
			productType = "com.apple.product-type.application";
		};
/* End PBXNativeTarget section */

/* Begin PBXProject section */
		6B93BE6113F3374100DFAB23 /* Project object */ = {
			isa = PBXProject;
			attributes = {
				ORGANIZATIONNAME = culturezoo;
			};
			buildConfigurationList = 6B93BE6413F3374100DFAB23 /* Build configuration list for PBXProject "Smooth Line View" */;
			compatibilityVersion = "Xcode 3.2";
			developmentRegion = English;
			hasScannedForEncodings = 0;
			knownRegions = (
				en,
			);
			mainGroup = 6B93BE5F13F3374100DFAB23;
			productRefGroup = 6B93BE6B13F3374200DFAB23 /* Products */;
			projectDirPath = "";
			projectRoot = "";
			targets = (
				6B93BE6913F3374200DFAB23 /* Smooth Line View */,
			);
		};
/* End PBXProject section */

/* Begin PBXResourcesBuildPhase section */
		6B93BE6813F3374200DFAB23 /* Resources */ = {
			isa = PBXResourcesBuildPhase;
			buildActionMask = 2147483647;
			files = (
				6B93BE7913F3374200DFAB23 /* InfoPlist.strings in Resources */,
				6B93BE8213F3374200DFAB23 /* MainWindow.xib in Resources */,
				6B93BE8813F3374200DFAB23 /* Smooth_Line_ViewViewController.xib in Resources */,
			);
			runOnlyForDeploymentPostprocessing = 0;
		};
/* End PBXResourcesBuildPhase section */

/* Begin PBXSourcesBuildPhase section */
		6B93BE6613F3374200DFAB23 /* Sources */ = {
			isa = PBXSourcesBuildPhase;
			buildActionMask = 2147483647;
			files = (
				6B93BE7B13F3374200DFAB23 /* main.m in Sources */,
				6B93BE7F13F3374200DFAB23 /* Smooth_Line_ViewAppDelegate.m in Sources */,
				6B93BE8513F3374200DFAB23 /* Smooth_Line_ViewViewController.m in Sources */,
				6B93BEA113F337B000DFAB23 /* BezierCurve.m in Sources */,
				6B93BEA213F337B000DFAB23 /* CatmullRomSpline.m in Sources */,
				6B93BEA313F337B000DFAB23 /* CubicBezierCurve.m in Sources */,
				6B93BEA413F337B000DFAB23 /* LinearBezierCurve.m in Sources */,
				6B93BEA513F337B000DFAB23 /* NSArray_PointArray.m in Sources */,
				6B93BEA613F337B000DFAB23 /* QuadraticBezierCurve.m in Sources */,
				6B93BEA713F337B000DFAB23 /* Spline.m in Sources */,
				6B250CCD13F9ED20002A5D9D /* SmoothLineView.m in Sources */,
			);
			runOnlyForDeploymentPostprocessing = 0;
		};
/* End PBXSourcesBuildPhase section */

/* Begin PBXVariantGroup section */
		6B93BE7713F3374200DFAB23 /* InfoPlist.strings */ = {
			isa = PBXVariantGroup;
			children = (
				6B93BE7813F3374200DFAB23 /* en */,
			);
			name = InfoPlist.strings;
			sourceTree = "<group>";
		};
		6B93BE8013F3374200DFAB23 /* MainWindow.xib */ = {
			isa = PBXVariantGroup;
			children = (
				6B93BE8113F3374200DFAB23 /* en */,
			);
			name = MainWindow.xib;
			sourceTree = "<group>";
		};
		6B93BE8613F3374200DFAB23 /* Smooth_Line_ViewViewController.xib */ = {
			isa = PBXVariantGroup;
			children = (
				6B93BE8713F3374200DFAB23 /* en */,
			);
			name = Smooth_Line_ViewViewController.xib;
			sourceTree = "<group>";
		};
/* End PBXVariantGroup section */

/* Begin XCBuildConfiguration section */
		6B93BE8913F3374200DFAB23 /* Debug */ = {
			isa = XCBuildConfiguration;
			buildSettings = {
				ALWAYS_SEARCH_USER_PATHS = NO;
				ARCHS = "$(ARCHS_UNIVERSAL_IPHONE_OS)";
				"CODE_SIGN_IDENTITY[sdk=iphoneos*]" = "iPhone Developer";
				COPY_PHASE_STRIP = NO;
				GCC_C_LANGUAGE_STANDARD = gnu99;
				GCC_DYNAMIC_NO_PIC = NO;
				GCC_OPTIMIZATION_LEVEL = 0;
				GCC_PREPROCESSOR_DEFINITIONS = (
					"DEBUG=1",
					"$(inherited)",
				);
				GCC_SYMBOLS_PRIVATE_EXTERN = NO;
				GCC_VERSION = com.apple.compilers.llvmgcc42;
				GCC_WARN_ABOUT_MISSING_PROTOTYPES = YES;
				GCC_WARN_ABOUT_RETURN_TYPE = YES;
				GCC_WARN_UNUSED_VARIABLE = YES;
				IPHONEOS_DEPLOYMENT_TARGET = 4.3;
				SDKROOT = iphoneos;
				TARGETED_DEVICE_FAMILY = 2;
			};
			name = Debug;
		};
		6B93BE8A13F3374200DFAB23 /* Release */ = {
			isa = XCBuildConfiguration;
			buildSettings = {
				ALWAYS_SEARCH_USER_PATHS = NO;
				ARCHS = "$(ARCHS_UNIVERSAL_IPHONE_OS)";
				"CODE_SIGN_IDENTITY[sdk=iphoneos*]" = "iPhone Developer";
				COPY_PHASE_STRIP = YES;
				GCC_C_LANGUAGE_STANDARD = gnu99;
				GCC_VERSION = com.apple.compilers.llvmgcc42;
				GCC_WARN_ABOUT_MISSING_PROTOTYPES = YES;
				GCC_WARN_ABOUT_RETURN_TYPE = YES;
				GCC_WARN_UNUSED_VARIABLE = YES;
				IPHONEOS_DEPLOYMENT_TARGET = 4.3;
				OTHER_CFLAGS = "-DNS_BLOCK_ASSERTIONS=1";
				SDKROOT = iphoneos;
				TARGETED_DEVICE_FAMILY = 2;
				VALIDATE_PRODUCT = YES;
			};
			name = Release;
		};
		6B93BE8C13F3374200DFAB23 /* Debug */ = {
			isa = XCBuildConfiguration;
			buildSettings = {
				CODE_SIGN_IDENTITY = "iPhone Developer";
				"CODE_SIGN_IDENTITY[sdk=iphoneos*]" = "iPhone Developer: Levi Nunnink (57WGH9SBKB)";
				GCC_PRECOMPILE_PREFIX_HEADER = YES;
				GCC_PREFIX_HEADER = "Smooth Line View/Smooth Line View-Prefix.pch";
				INFOPLIST_FILE = "Smooth Line View/Smooth Line View-Info.plist";
				PRODUCT_NAME = "$(TARGET_NAME)";
				PROVISIONING_PROFILE = "";
				"PROVISIONING_PROFILE[sdk=iphoneos*]" = "0B2F180D-9F0A-43E9-92F9-4817DD8AF357";
				WRAPPER_EXTENSION = app;
			};
			name = Debug;
		};
		6B93BE8D13F3374200DFAB23 /* Release */ = {
			isa = XCBuildConfiguration;
			buildSettings = {
				GCC_PRECOMPILE_PREFIX_HEADER = YES;
				GCC_PREFIX_HEADER = "Smooth Line View/Smooth Line View-Prefix.pch";
				INFOPLIST_FILE = "Smooth Line View/Smooth Line View-Info.plist";
				PRODUCT_NAME = "$(TARGET_NAME)";
				WRAPPER_EXTENSION = app;
			};
			name = Release;
		};
/* End XCBuildConfiguration section */

/* Begin XCConfigurationList section */
		6B93BE6413F3374100DFAB23 /* Build configuration list for PBXProject "Smooth Line View" */ = {
			isa = XCConfigurationList;
			buildConfigurations = (
				6B93BE8913F3374200DFAB23 /* Debug */,
				6B93BE8A13F3374200DFAB23 /* Release */,
			);
			defaultConfigurationIsVisible = 0;
			defaultConfigurationName = Release;
		};
		6B93BE8B13F3374200DFAB23 /* Build configuration list for PBXNativeTarget "Smooth Line View" */ = {
			isa = XCConfigurationList;
			buildConfigurations = (
				6B93BE8C13F3374200DFAB23 /* Debug */,
				6B93BE8D13F3374200DFAB23 /* Release */,
			);
			defaultConfigurationIsVisible = 0;
			defaultConfigurationName = Release;
		};
/* End XCConfigurationList section */
	};
	rootObject = 6B93BE6113F3374100DFAB23 /* Project object */;
}
