// !$*UTF8*$!
{
	archiveVersion = 1;
	classes = {
	};
	objectVersion = 46;
	objects = {

/* Begin PBXBuildFile section */
		5EF58F54189D8AF40024C782 /* Default-568h@2x.png in Resources */ = {isa = PBXBuildFile; fileRef = 5EF58F53189D8AF40024C782 /* Default-568h@2x.png */; };
		6B250CCD13F9ED20002A5D9D /* SmoothLineView.m in Sources */ = {isa = PBXBuildFile; fileRef = 6B250CCC13F9ED20002A5D9D /* SmoothLineView.m */; };
		6B8244E614E0FF67007F2487 /* QuartzCore.framework in Frameworks */ = {isa = PBXBuildFile; fileRef = 6B250CCF13FA2127002A5D9D /* QuartzCore.framework */; };
		6B93BE6F13F3374200DFAB23 /* UIKit.framework in Frameworks */ = {isa = PBXBuildFile; fileRef = 6B93BE6E13F3374200DFAB23 /* UIKit.framework */; };
		6B93BE7113F3374200DFAB23 /* Foundation.framework in Frameworks */ = {isa = PBXBuildFile; fileRef = 6B93BE7013F3374200DFAB23 /* Foundation.framework */; };
		6B93BE7313F3374200DFAB23 /* CoreGraphics.framework in Frameworks */ = {isa = PBXBuildFile; fileRef = 6B93BE7213F3374200DFAB23 /* CoreGraphics.framework */; };
		6B93BE7913F3374200DFAB23 /* InfoPlist.strings in Resources */ = {isa = PBXBuildFile; fileRef = 6B93BE7713F3374200DFAB23 /* InfoPlist.strings */; };
		6B93BE7B13F3374200DFAB23 /* main.m in Sources */ = {isa = PBXBuildFile; fileRef = 6B93BE7A13F3374200DFAB23 /* main.m */; };
		6B93BE7F13F3374200DFAB23 /* Smooth_Line_ViewAppDelegate.m in Sources */ = {isa = PBXBuildFile; fileRef = 6B93BE7E13F3374200DFAB23 /* Smooth_Line_ViewAppDelegate.m */; };
		6B93BE8213F3374200DFAB23 /* MainWindow.xib in Resources */ = {isa = PBXBuildFile; fileRef = 6B93BE8013F3374200DFAB23 /* MainWindow.xib */; };
		6B93BE8513F3374200DFAB23 /* Smooth_Line_ViewViewController.m in Sources */ = {isa = PBXBuildFile; fileRef = 6B93BE8413F3374200DFAB23 /* Smooth_Line_ViewViewController.m */; };
		6BA2EACC15E7F21C009779C5 /* Smooth_Line_ViewViewController.xib in Resources */ = {isa = PBXBuildFile; fileRef = 6BA2EACB15E7F21C009779C5 /* Smooth_Line_ViewViewController.xib */; };
/* End PBXBuildFile section */

/* Begin PBXFileReference section */
		5EF58F53189D8AF40024C782 /* Default-568h@2x.png */ = {isa = PBXFileReference; lastKnownFileType = image.png; path = "Default-568h@2x.png"; sourceTree = "<group>"; };
		6B250CCB13F9ED20002A5D9D /* SmoothLineView.h */ = {isa = PBXFileReference; fileEncoding = 4; lastKnownFileType = sourcecode.c.h; path = SmoothLineView.h; sourceTree = "<group>"; };
		6B250CCC13F9ED20002A5D9D /* SmoothLineView.m */ = {isa = PBXFileReference; fileEncoding = 4; lastKnownFileType = sourcecode.c.objc; path = SmoothLineView.m; sourceTree = "<group>"; };
		6B250CCF13FA2127002A5D9D /* QuartzCore.framework */ = {isa = PBXFileReference; lastKnownFileType = wrapper.framework; name = QuartzCore.framework; path = System/Library/Frameworks/QuartzCore.framework; sourceTree = SDKROOT; };
		6B93BE6A13F3374200DFAB23 /* Smooth Line View.app */ = {isa = PBXFileReference; explicitFileType = wrapper.application; includeInIndex = 0; path = "Smooth Line View.app"; sourceTree = BUILT_PRODUCTS_DIR; };
		6B93BE6E13F3374200DFAB23 /* UIKit.framework */ = {isa = PBXFileReference; lastKnownFileType = wrapper.framework; name = UIKit.framework; path = System/Library/Frameworks/UIKit.framework; sourceTree = SDKROOT; };
		6B93BE7013F3374200DFAB23 /* Foundation.framework */ = {isa = PBXFileReference; lastKnownFileType = wrapper.framework; name = Foundation.framework; path = System/Library/Frameworks/Foundation.framework; sourceTree = SDKROOT; };
		6B93BE7213F3374200DFAB23 /* CoreGraphics.framework */ = {isa = PBXFileReference; lastKnownFileType = wrapper.framework; name = CoreGraphics.framework; path = System/Library/Frameworks/CoreGraphics.framework; sourceTree = SDKROOT; };
		6B93BE7613F3374200DFAB23 /* Smooth Line View-Info.plist */ = {isa = PBXFileReference; lastKnownFileType = text.plist.xml; path = "Smooth Line View-Info.plist"; sourceTree = "<group>"; };
		6B93BE7813F3374200DFAB23 /* en */ = {isa = PBXFileReference; lastKnownFileType = text.plist.strings; name = en; path = en.lproj/InfoPlist.strings; sourceTree = "<group>"; };
		6B93BE7A13F3374200DFAB23 /* main.m */ = {isa = PBXFileReference; lastKnownFileType = sourcecode.c.objc; path = main.m; sourceTree = "<group>"; };
		6B93BE7C13F3374200DFAB23 /* Smooth Line View-Prefix.pch */ = {isa = PBXFileReference; lastKnownFileType = sourcecode.c.h; path = "Smooth Line View-Prefix.pch"; sourceTree = "<group>"; };
		6B93BE7D13F3374200DFAB23 /* Smooth_Line_ViewAppDelegate.h */ = {isa = PBXFileReference; lastKnownFileType = sourcecode.c.h; path = Smooth_Line_ViewAppDelegate.h; sourceTree = "<group>"; };
		6B93BE7E13F3374200DFAB23 /* Smooth_Line_ViewAppDelegate.m */ = {isa = PBXFileReference; lastKnownFileType = sourcecode.c.objc; path = Smooth_Line_ViewAppDelegate.m; sourceTree = "<group>"; };
		6B93BE8113F3374200DFAB23 /* en */ = {isa = PBXFileReference; lastKnownFileType = file.xib; name = en; path = en.lproj/MainWindow.xib; sourceTree = "<group>"; };
		6B93BE8313F3374200DFAB23 /* Smooth_Line_ViewViewController.h */ = {isa = PBXFileReference; lastKnownFileType = sourcecode.c.h; path = Smooth_Line_ViewViewController.h; sourceTree = "<group>"; };
		6B93BE8413F3374200DFAB23 /* Smooth_Line_ViewViewController.m */ = {isa = PBXFileReference; lastKnownFileType = sourcecode.c.objc; path = Smooth_Line_ViewViewController.m; sourceTree = "<group>"; };
		6BA2EACB15E7F21C009779C5 /* Smooth_Line_ViewViewController.xib */ = {isa = PBXFileReference; fileEncoding = 4; lastKnownFileType = file.xib; path = Smooth_Line_ViewViewController.xib; sourceTree = "<group>"; };
/* End PBXFileReference section */

/* Begin PBXFrameworksBuildPhase section */
		6B93BE6713F3374200DFAB23 /* Frameworks */ = {
			isa = PBXFrameworksBuildPhase;
			buildActionMask = 2147483647;
			files = (
				6B8244E614E0FF67007F2487 /* QuartzCore.framework in Frameworks */,
				6B93BE6F13F3374200DFAB23 /* UIKit.framework in Frameworks */,
				6B93BE7113F3374200DFAB23 /* Foundation.framework in Frameworks */,
				6B93BE7313F3374200DFAB23 /* CoreGraphics.framework in Frameworks */,
			);
			runOnlyForDeploymentPostprocessing = 0;
		};
/* End PBXFrameworksBuildPhase section */

/* Begin PBXGroup section */
		6B93BE5F13F3374100DFAB23 = {
			isa = PBXGroup;
			children = (
				5EF58F53189D8AF40024C782 /* Default-568h@2x.png */,
				6B93BE7413F3374200DFAB23 /* Smooth Line View */,
				6B93BE6D13F3374200DFAB23 /* Frameworks */,
				6B93BE6B13F3374200DFAB23 /* Products */,
			);
			sourceTree = "<group>";
		};
		6B93BE6B13F3374200DFAB23 /* Products */ = {
			isa = PBXGroup;
			children = (
				6B93BE6A13F3374200DFAB23 /* Smooth Line View.app */,
			);
			name = Products;
			sourceTree = "<group>";
		};
		6B93BE6D13F3374200DFAB23 /* Frameworks */ = {
			isa = PBXGroup;
			children = (
				6B250CCF13FA2127002A5D9D /* QuartzCore.framework */,
				6B93BE6E13F3374200DFAB23 /* UIKit.framework */,
				6B93BE7013F3374200DFAB23 /* Foundation.framework */,
				6B93BE7213F3374200DFAB23 /* CoreGraphics.framework */,
			);
			name = Frameworks;
			sourceTree = "<group>";
		};
		6B93BE7413F3374200DFAB23 /* Smooth Line View */ = {
			isa = PBXGroup;
			children = (
				6B93BE7D13F3374200DFAB23 /* Smooth_Line_ViewAppDelegate.h */,
				6B93BE7E13F3374200DFAB23 /* Smooth_Line_ViewAppDelegate.m */,
				6B93BE8013F3374200DFAB23 /* MainWindow.xib */,
				6B93BE8313F3374200DFAB23 /* Smooth_Line_ViewViewController.h */,
				6B93BE8413F3374200DFAB23 /* Smooth_Line_ViewViewController.m */,
				6BA2EACB15E7F21C009779C5 /* Smooth_Line_ViewViewController.xib */,
				6B250CCB13F9ED20002A5D9D /* SmoothLineView.h */,
				6B250CCC13F9ED20002A5D9D /* SmoothLineView.m */,
				6B93BE7513F3374200DFAB23 /* Supporting Files */,
			);
			path = "Smooth Line View";
			sourceTree = "<group>";
		};
		6B93BE7513F3374200DFAB23 /* Supporting Files */ = {
			isa = PBXGroup;
			children = (
				6B93BE7613F3374200DFAB23 /* Smooth Line View-Info.plist */,
				6B93BE7713F3374200DFAB23 /* InfoPlist.strings */,
				6B93BE7A13F3374200DFAB23 /* main.m */,
				6B93BE7C13F3374200DFAB23 /* Smooth Line View-Prefix.pch */,
			);
			name = "Supporting Files";
			sourceTree = "<group>";
		};
/* End PBXGroup section */

/* Begin PBXNativeTarget section */
		6B93BE6913F3374200DFAB23 /* Smooth Line View */ = {
			isa = PBXNativeTarget;
			buildConfigurationList = 6B93BE8B13F3374200DFAB23 /* Build configuration list for PBXNativeTarget "Smooth Line View" */;
			buildPhases = (
				6B93BE6613F3374200DFAB23 /* Sources */,
				6B93BE6713F3374200DFAB23 /* Frameworks */,
				6B93BE6813F3374200DFAB23 /* Resources */,
			);
			buildRules = (
			);
			dependencies = (
			);
			name = "Smooth Line View";
			productName = "Smooth Line View";
			productReference = 6B93BE6A13F3374200DFAB23 /* Smooth Line View.app */;
			productType = "com.apple.product-type.application";
		};
/* End PBXNativeTarget section */

/* Begin PBXProject section */
		6B93BE6113F3374100DFAB23 /* Project object */ = {
			isa = PBXProject;
			attributes = {
				LastUpgradeCheck = 0500;
				ORGANIZATIONNAME = culturezoo;
			};
			buildConfigurationList = 6B93BE6413F3374100DFAB23 /* Build configuration list for PBXProject "Smooth Line View" */;
			compatibilityVersion = "Xcode 3.2";
			developmentRegion = English;
			hasScannedForEncodings = 0;
			knownRegions = (
				en,
			);
			mainGroup = 6B93BE5F13F3374100DFAB23;
			productRefGroup = 6B93BE6B13F3374200DFAB23 /* Products */;
			projectDirPath = "";
			projectRoot = "";
			targets = (
				6B93BE6913F3374200DFAB23 /* Smooth Line View */,
			);
		};
/* End PBXProject section */

/* Begin PBXResourcesBuildPhase section */
		6B93BE6813F3374200DFAB23 /* Resources */ = {
			isa = PBXResourcesBuildPhase;
			buildActionMask = 2147483647;
			files = (
				6B93BE7913F3374200DFAB23 /* InfoPlist.strings in Resources */,
				5EF58F54189D8AF40024C782 /* Default-568h@2x.png in Resources */,
				6B93BE8213F3374200DFAB23 /* MainWindow.xib in Resources */,
				6BA2EACC15E7F21C009779C5 /* Smooth_Line_ViewViewController.xib in Resources */,
			);
			runOnlyForDeploymentPostprocessing = 0;
		};
/* End PBXResourcesBuildPhase section */

/* Begin PBXSourcesBuildPhase section */
		6B93BE6613F3374200DFAB23 /* Sources */ = {
			isa = PBXSourcesBuildPhase;
			buildActionMask = 2147483647;
			files = (
				6B93BE7B13F3374200DFAB23 /* main.m in Sources */,
				6B93BE7F13F3374200DFAB23 /* Smooth_Line_ViewAppDelegate.m in Sources */,
				6B93BE8513F3374200DFAB23 /* Smooth_Line_ViewViewController.m in Sources */,
				6B250CCD13F9ED20002A5D9D /* SmoothLineView.m in Sources */,
			);
			runOnlyForDeploymentPostprocessing = 0;
		};
/* End PBXSourcesBuildPhase section */

/* Begin PBXVariantGroup section */
		6B93BE7713F3374200DFAB23 /* InfoPlist.strings */ = {
			isa = PBXVariantGroup;
			children = (
				6B93BE7813F3374200DFAB23 /* en */,
			);
			name = InfoPlist.strings;
			sourceTree = "<group>";
		};
		6B93BE8013F3374200DFAB23 /* MainWindow.xib */ = {
			isa = PBXVariantGroup;
			children = (
				6B93BE8113F3374200DFAB23 /* en */,
			);
			name = MainWindow.xib;
			sourceTree = "<group>";
		};
/* End PBXVariantGroup section */

/* Begin XCBuildConfiguration section */
		6B93BE8913F3374200DFAB23 /* Debug */ = {
			isa = XCBuildConfiguration;
			buildSettings = {
				ALWAYS_SEARCH_USER_PATHS = NO;
				"CODE_SIGN_IDENTITY[sdk=iphoneos*]" = "iPhone Developer";
				COPY_PHASE_STRIP = NO;
				GCC_C_LANGUAGE_STANDARD = gnu99;
				GCC_DYNAMIC_NO_PIC = NO;
				GCC_OPTIMIZATION_LEVEL = 0;
				GCC_PREPROCESSOR_DEFINITIONS = (
					"DEBUG=1",
					"$(inherited)",
				);
				GCC_SYMBOLS_PRIVATE_EXTERN = NO;
				GCC_VERSION = com.apple.compilers.llvmgcc42;
				GCC_WARN_ABOUT_MISSING_PROTOTYPES = YES;
				GCC_WARN_ABOUT_RETURN_TYPE = YES;
				GCC_WARN_UNUSED_VARIABLE = YES;
				IPHONEOS_DEPLOYMENT_TARGET = 4.3;
				ONLY_ACTIVE_ARCH = YES;
				SDKROOT = iphoneos;
				TARGETED_DEVICE_FAMILY = 2;
			};
			name = Debug;
		};
		6B93BE8A13F3374200DFAB23 /* Release */ = {
			isa = XCBuildConfiguration;
			buildSettings = {
				ALWAYS_SEARCH_USER_PATHS = NO;
				"CODE_SIGN_IDENTITY[sdk=iphoneos*]" = "iPhone Developer";
				COPY_PHASE_STRIP = YES;
				GCC_C_LANGUAGE_STANDARD = gnu99;
				GCC_VERSION = com.apple.compilers.llvmgcc42;
				GCC_WARN_ABOUT_MISSING_PROTOTYPES = YES;
				GCC_WARN_ABOUT_RETURN_TYPE = YES;
				GCC_WARN_UNUSED_VARIABLE = YES;
				IPHONEOS_DEPLOYMENT_TARGET = 4.3;
				OTHER_CFLAGS = "-DNS_BLOCK_ASSERTIONS=1";
				SDKROOT = iphoneos;
				TARGETED_DEVICE_FAMILY = 2;
				VALIDATE_PRODUCT = YES;
			};
			name = Release;
		};
		6B93BE8C13F3374200DFAB23 /* Debug */ = {
			isa = XCBuildConfiguration;
			buildSettings = {
				CLANG_ENABLE_OBJC_ARC = YES;
				CODE_SIGN_IDENTITY = "iPhone Developer";
				"CODE_SIGN_IDENTITY[sdk=iphoneos*]" = "iPhone Developer";
				GCC_PRECOMPILE_PREFIX_HEADER = YES;
				GCC_PREFIX_HEADER = "Smooth Line View/Smooth Line View-Prefix.pch";
				GCC_VERSION = "";
				INFOPLIST_FILE = "Smooth Line View/Smooth Line View-Info.plist";
				PRODUCT_NAME = "$(TARGET_NAME)";
				PROVISIONING_PROFILE = "";
				"PROVISIONING_PROFILE[sdk=iphoneos*]" = "C4486A19-69DA-4716-9E18-6EB2EB68880F";
				TARGETED_DEVICE_FAMILY = "1,2";
				WRAPPER_EXTENSION = app;
			};
			name = Debug;
		};
		6B93BE8D13F3374200DFAB23 /* Release */ = {
			isa = XCBuildConfiguration;
			buildSettings = {
				CLANG_ENABLE_OBJC_ARC = YES;
				GCC_PRECOMPILE_PREFIX_HEADER = YES;
				GCC_PREFIX_HEADER = "Smooth Line View/Smooth Line View-Prefix.pch";
				GCC_VERSION = "";
				INFOPLIST_FILE = "Smooth Line View/Smooth Line View-Info.plist";
				PRODUCT_NAME = "$(TARGET_NAME)";
				TARGETED_DEVICE_FAMILY = "1,2";
				WRAPPER_EXTENSION = app;
			};
			name = Release;
		};
/* End XCBuildConfiguration section */

/* Begin XCConfigurationList section */
		6B93BE6413F3374100DFAB23 /* Build configuration list for PBXProject "Smooth Line View" */ = {
			isa = XCConfigurationList;
			buildConfigurations = (
				6B93BE8913F3374200DFAB23 /* Debug */,
				6B93BE8A13F3374200DFAB23 /* Release */,
			);
			defaultConfigurationIsVisible = 0;
			defaultConfigurationName = Release;
		};
		6B93BE8B13F3374200DFAB23 /* Build configuration list for PBXNativeTarget "Smooth Line View" */ = {
			isa = XCConfigurationList;
			buildConfigurations = (
				6B93BE8C13F3374200DFAB23 /* Debug */,
				6B93BE8D13F3374200DFAB23 /* Release */,
			);
			defaultConfigurationIsVisible = 0;
			defaultConfigurationName = Release;
		};
/* End XCConfigurationList section */
	};
	rootObject = 6B93BE6113F3374100DFAB23 /* Project object */;
}
